
Microsoft Visual Studio Solution File, Format Version 12.00
# Visual Studio Version 17
VisualStudioVersion = 17.9.34714.143
MinimumVisualStudioVersion = 10.0.40219.1
Project("{FAE04EC0-301F-11D3-BF4B-00C04F79EFBC}") = "Ukol7", "Ukol7.csproj", "{62C6BD22-C079-4D48-95FC-2406FC219135}"
EndProject
Global
	GlobalSection(SolutionConfigurationPlatforms) = preSolution
		Debug|Any CPU = Debug|Any CPU
		Release|Any CPU = Release|Any CPU
	EndGlobalSection
	GlobalSection(ProjectConfigurationPlatforms) = postSolution
		{62C6BD22-C079-4D48-95FC-2406FC219135}.Debug|Any CPU.ActiveCfg = Debug|Any CPU
		{62C6BD22-C079-4D48-95FC-2406FC219135}.Debug|Any CPU.Build.0 = Debug|Any CPU
		{62C6BD22-C079-4D48-95FC-2406FC219135}.Release|Any CPU.ActiveCfg = Release|Any CPU
		{62C6BD22-C079-4D48-95FC-2406FC219135}.Release|Any CPU.Build.0 = Release|Any CPU
	EndGlobalSection
	GlobalSection(SolutionProperties) = preSolution
		HideSolutionNode = FALSE
	EndGlobalSection
	GlobalSection(ExtensibilityGlobals) = postSolution
		SolutionGuid = {79F9C69E-FC3C-4E51-ACA7-17C7882CA89B}
	EndGlobalSection
EndGlobal
